
Microsoft Visual Studio Solution File, Format Version 12.00
# Visual Studio Version 17
VisualStudioVersion = 17.2.32526.322
MinimumVisualStudioVersion = 10.0.40219.1
Project("{9A19103F-16F7-4668-BE54-9A1E7A4F7556}") = "CursoMVC", "CursoMVC\CursoMVC.csproj", "{B91302EB-52ED-4D3E-BCB7-69257AA63660}"
EndProject
Project("{9A19103F-16F7-4668-BE54-9A1E7A4F7556}") = "CursoAPI", "CursoAPI\CursoAPI.csproj", "{E30B8616-D0F1-4321-87E3-99D32364CC3B}"
EndProject
Global
	GlobalSection(SolutionConfigurationPlatforms) = preSolution
		Debug|Any CPU = Debug|Any CPU
		Release|Any CPU = Release|Any CPU
	EndGlobalSection
	GlobalSection(ProjectConfigurationPlatforms) = postSolution
		{B91302EB-52ED-4D3E-BCB7-69257AA63660}.Debug|Any CPU.ActiveCfg = Debug|Any CPU
		{B91302EB-52ED-4D3E-BCB7-69257AA63660}.Debug|Any CPU.Build.0 = Debug|Any CPU
		{B91302EB-52ED-4D3E-BCB7-69257AA63660}.Release|Any CPU.ActiveCfg = Release|Any CPU
		{B91302EB-52ED-4D3E-BCB7-69257AA63660}.Release|Any CPU.Build.0 = Release|Any CPU
		{E30B8616-D0F1-4321-87E3-99D32364CC3B}.Debug|Any CPU.ActiveCfg = Debug|Any CPU
		{E30B8616-D0F1-4321-87E3-99D32364CC3B}.Debug|Any CPU.Build.0 = Debug|Any CPU
		{E30B8616-D0F1-4321-87E3-99D32364CC3B}.Release|Any CPU.ActiveCfg = Release|Any CPU
		{E30B8616-D0F1-4321-87E3-99D32364CC3B}.Release|Any CPU.Build.0 = Release|Any CPU
	EndGlobalSection
	GlobalSection(SolutionProperties) = preSolution
		HideSolutionNode = FALSE
	EndGlobalSection
	GlobalSection(ExtensibilityGlobals) = postSolution
		SolutionGuid = {8FC72158-5C9A-4B1A-B010-6FF65E166F65}
	EndGlobalSection
EndGlobal
